{
    "_meta": {
        "hash": {
            "sha256": "9ff10d7c186a8ab79f3e844841ea46b869a512d82dee2480165dbec935f9e760"
        },
        "pipfile-spec": 6,
        "requires": {
            "python_version": "3.8"
        },
        "sources": [
            {
                "name": "pypi",
                "url": "https://pypi.org/simple",
                "verify_ssl": true
            }
        ]
    },
    "default": {
        "cx-oracle": {
            "hashes": [
                "sha256:02c430c3b7feb93e8a6b5c3439608cd142b9e8bc5c46422a0345bc3ade0ac420",
                "sha256:0da6d9df662cd7ebc18e309e7e8746aa725e5a3320a660e911dedf887d2a53dd",
                "sha256:0f11cd16e43fa23c6fe4ed1605b4c3dd63863a79297e4b2620615c1014a6545d",
                "sha256:430562d6a1485a467d274200a4df11b342d399e4b3156c536bf47ec0e42e9d6b",
                "sha256:6b51a5c9b3943fdab35d4cc44a436af1c95227ac54787d3912420d37d07bf1b2",
                "sha256:7493b6e87125a632f2359237ac9caa1cafd2567de9b6e56aa58ed77f69298275",
                "sha256:970d133b318b7f4062f2afb3702bdd9bad114bcc2dde6bcb60adfaaea529e2f4",
                "sha256:a182b3d8af21856f0d3768d3d30cab734710cb39769909a7084b02315e8eedfa",
                "sha256:b9c67dab5cc3113b451e44622bd6a21e0dadeeeb03702e3a7107adbde817650c",
                "sha256:bca81d34b55058c5446f951e3f5e7318fc8111b50a7bb4503fd56fa3497dea8a",
                "sha256:c8f4f7c5c0d38d580a96ac813139c3cb17a15512cdae7b27e960f24c6858afc1",
                "sha256:cf43e544a3a61d0d0c2be71274cc3ae52d83131e56af65c6acfa48f7252d8863",
                "sha256:f10ada7f821a325c6befdd6fef1cac44ebc830736d0b75dda7b8ac9f851087b2"
            ],
            "index": "pypi",
            "version": "==8.0.1"
        }
    },
    "develop": {}
}
