{
    "_meta": {
        "hash": {
            "sha256": "11b028a449347d65fcc5fe04ad5e1f542ae6e59722d2cdbeb93ce6cefdd3856e"
        },
        "pipfile-spec": 6,
        "requires": {
            "python_version": "3.8"
        },
        "sources": [
            {
                "name": "pypi",
                "url": "https://pypi.org/simple",
                "verify_ssl": true
            }
        ]
    },
    "default": {
        "greenlet": {
            "hashes": [
                "sha256:0a77691f0080c9da8dfc81e23f4e3cffa5accf0f5b56478951016d7cfead9196",
                "sha256:0ddd77586553e3daf439aa88b6642c5f252f7ef79a39271c25b1d4bf1b7cbb85",
                "sha256:111cfd92d78f2af0bc7317452bd93a477128af6327332ebf3c2be7df99566683",
                "sha256:122c63ba795fdba4fc19c744df6277d9cfd913ed53d1a286f12189a0265316dd",
                "sha256:181300f826625b7fd1182205b830642926f52bd8cdb08b34574c9d5b2b1813f7",
                "sha256:1a1ada42a1fd2607d232ae11a7b3195735edaa49ea787a6d9e6a53afaf6f3476",
                "sha256:1bb80c71de788b36cefb0c3bb6bfab306ba75073dbde2829c858dc3ad70f867c",
                "sha256:1d1d4473ecb1c1d31ce8fd8d91e4da1b1f64d425c1dc965edc4ed2a63cfa67b2",
                "sha256:292e801fcb3a0b3a12d8c603c7cf340659ea27fd73c98683e75800d9fd8f704c",
                "sha256:2c65320774a8cd5fdb6e117c13afa91c4707548282464a18cf80243cf976b3e6",
                "sha256:4365eccd68e72564c776418c53ce3c5af402bc526fe0653722bc89efd85bf12d",
                "sha256:5352c15c1d91d22902582e891f27728d8dac3bd5e0ee565b6a9f575355e6d92f",
                "sha256:58ca0f078d1c135ecf1879d50711f925ee238fe773dfe44e206d7d126f5bc664",
                "sha256:5d4030b04061fdf4cbc446008e238e44936d77a04b2b32f804688ad64197953c",
                "sha256:5d69bbd9547d3bc49f8a545db7a0bd69f407badd2ff0f6e1a163680b5841d2b0",
                "sha256:5f297cb343114b33a13755032ecf7109b07b9a0020e841d1c3cedff6602cc139",
                "sha256:62afad6e5fd70f34d773ffcbb7c22657e1d46d7fd7c95a43361de979f0a45aef",
                "sha256:647ba1df86d025f5a34043451d7c4a9f05f240bee06277a524daad11f997d1e7",
                "sha256:719e169c79255816cdcf6dccd9ed2d089a72a9f6c42273aae12d55e8d35bdcf8",
                "sha256:7cd5a237f241f2764324396e06298b5dee0df580cf06ef4ada0ff9bff851286c",
                "sha256:875d4c60a6299f55df1c3bb870ebe6dcb7db28c165ab9ea6cdc5d5af36bb33ce",
                "sha256:90b6a25841488cf2cb1c8623a53e6879573010a669455046df5f029d93db51b7",
                "sha256:94620ed996a7632723a424bccb84b07e7b861ab7bb06a5aeb041c111dd723d36",
                "sha256:b5f1b333015d53d4b381745f5de842f19fe59728b65f0fbb662dafbe2018c3a5",
                "sha256:c5b22b31c947ad8b6964d4ed66776bcae986f73669ba50620162ba7c832a6b6a",
                "sha256:c93d1a71c3fe222308939b2e516c07f35a849c5047f0197442a4d6fbcb4128ee",
                "sha256:cdb90267650c1edb54459cdb51dab865f6c6594c3a47ebd441bc493360c7af70",
                "sha256:cfd06e0f0cc8db2a854137bd79154b61ecd940dce96fad0cba23fe31de0b793c",
                "sha256:d3789c1c394944084b5e57c192889985a9f23bd985f6d15728c745d380318128",
                "sha256:da7d09ad0f24270b20f77d56934e196e982af0d0a2446120cb772be4e060e1a2",
                "sha256:df3e83323268594fa9755480a442cabfe8d82b21aba815a71acf1bb6c1776218",
                "sha256:df8053867c831b2643b2c489fe1d62049a98566b1646b194cc815f13e27b90df",
                "sha256:e1128e022d8dce375362e063754e129750323b67454cac5600008aad9f54139e",
                "sha256:e6e9fdaf6c90d02b95e6b0709aeb1aba5affbbb9ccaea5502f8638e4323206be",
                "sha256:eac8803c9ad1817ce3d8d15d1bb82c2da3feda6bee1153eec5c58fa6e5d3f770",
                "sha256:eb333b90036358a0e2c57373f72e7648d7207b76ef0bd00a4f7daad1f79f5203",
                "sha256:ed1d1351f05e795a527abc04a0d82e9aecd3bdf9f46662c36ff47b0b00ecaf06",
                "sha256:f3dc68272990849132d6698f7dc6df2ab62a88b0d36e54702a8fd16c0490e44f",
                "sha256:f59eded163d9752fd49978e0bab7a1ff21b1b8d25c05f0995d140cc08ac83379",
                "sha256:f5e2d36c86c7b03c94b8459c3bd2c9fe2c7dab4b258b8885617d44a22e453fb7",
                "sha256:f6f65bf54215e4ebf6b01e4bb94c49180a589573df643735107056f7a910275b",
                "sha256:f8450d5ef759dbe59f84f2c9f77491bb3d3c44bc1a573746daf086e70b14c243",
                "sha256:f97d83049715fd9dec7911860ecf0e17b48d8725de01e45de07d8ac0bd5bc378"
            ],
            "markers": "python_version >= '3'",
            "version": "==1.0.0"
        },
        "sqlalchemy": {
            "hashes": [
                "sha256:1013405393c2842f443adde2a2639681e9cdf4e850e01ab7d4d13a6f298d4dcd",
                "sha256:125e1175f210a27f64275bc74e4425fe3aff73ca27f2f6d64cda1414db019a84",
                "sha256:1af14b0d5e93ee7b7c0aa3106ea7ccfddea2b064da7bedccd4dcbb585151646c",
                "sha256:2b07464a4861f4d9acc793734c5b89741811802128d6f0ae0389ef3ac42cc9cc",
                "sha256:2f93cd57587303f6cc1cb3107b09dfb4403b775e4602e71bb13e581921448758",
                "sha256:463dec09c87fc45afef503b795460e42f4203b67925988b03bf254a0fe41d2f0",
                "sha256:484741ea9b19e71767b077050268140bd69ae67ca566ea1a2bc682d5289ff1fe",
                "sha256:4a5d76a227ebe2e5f7022e3801d8b854c4c6c9f4df50edae1b5bd4500e3d0853",
                "sha256:63385fc36a40314a24e84ab77efbe7d90446b20e5fb67fd2bc970b4359e8e6ee",
                "sha256:65d8e93515844b7f195ce77f6f7e67a55cc6a9bae9d651b678c3f4d8db35d327",
                "sha256:69b400ba262ca3dc0ae4f7cb38fdf0bc8b356b29fc473828785b8402986ac871",
                "sha256:6f588a5cec6f28aa682f97bcf73e9a1f36aeb27bf3822ad9ca858bdd1508b8fd",
                "sha256:7a85a22f33820ac280a844f3596d3b0d1ac893592a93be7c35306671aceb7e5e",
                "sha256:7abe69b26464270133d3b1c6aeac8278396e964af4566e05992eed6e751e7bad",
                "sha256:7e073d20d196fbda56c7a11874e86812e136b32a39f64a3e4d5f6d24a420de10",
                "sha256:817a895499f3124574b920beb8f507f4c183d459363e84b11275b4f34c60f0ec",
                "sha256:822838774ec3b2f5016d4be281280dc5fcc53931c0db5bb3b10b75204cd2c619",
                "sha256:9119a795d84e0c3bdc0b9c9a346ce505551d841f31101dd94e18bc799c13c66b",
                "sha256:94e8904dc3a06f04aa4355198d34beb3cea47639893dd2d21b97c0619e8d3c0b",
                "sha256:9c7451999fa0867812176a1bd7d397d8d300818abd8124cd818273fca7e5b7c6",
                "sha256:9f102a1ca806d4e6c2fc0c5f3a118d0efb1c77fbea27c15169b1569c59cba48b",
                "sha256:ab51fa00fc48c6d025f85a82f4ed51716a628907214c567c94705c8ec0571820",
                "sha256:b5d817743f19b166a9c73f0e93fd1ae678b883d4488547a578d28af5baa21e36",
                "sha256:b9e81408af71f48eb2f1530d173e106648c029699ed211da939ea8892eef19f8",
                "sha256:bacb47e6fad3e74c3edf46a35a58a83415e8f7eadcff1251b546ba01dfe2d6cb",
                "sha256:bc6a0ab03e7f349e791cc7efea87c5c1f7d99d5da86bbed271d83b01ecfa9441",
                "sha256:c3bed1c69573e2b670bd75c306d6fc4271408b04bcbe68fc3aca0e978702a609",
                "sha256:d67226b1864cfe1dabfb1539826f58e2390984153d911a345900e20475052aa8",
                "sha256:e8816a74f7116a2f85216b6f172f342bf4fa3f57dd2c1b74b14a0a319597ef3d",
                "sha256:f3b27c837b51abd1ea4e501780cb22a880435c77075e42337a2287a20818e30d",
                "sha256:ff36fb8be181cd5cc3aadfc13365d6497302abc22ebbedc97b150d53b33b5a1b",
                "sha256:ff75b31b735c17e9cccc8e0e5207bcfe9100bd335934560dfea86026bc38e81d"
            ],
            "index": "pypi",
            "version": "==1.4.0b2"
        }
    },
    "develop": {}
}
